// !$*UTF8*$!
{
	archiveVersion = 1;
	classes = {
	};
	objectVersion = 51;
	objects = {

/* Begin PBXBuildFile section */
		109B579FE4C0DB609DA8E779 /* Pods_KotBook.framework in Frameworks */ = {isa = PBXBuildFile; fileRef = 14107053844EFA32B78AE1BF /* Pods_KotBook.framework */; };
		C605BCC523AE14E70076ACA4 /* Landing.storyboard in Resources */ = {isa = PBXBuildFile; fileRef = C605BCC423AE14E70076ACA4 /* Landing.storyboard */; };
		C605BCC723B402100076ACA4 /* MainViewController.swift in Sources */ = {isa = PBXBuildFile; fileRef = C605BCC623B402100076ACA4 /* MainViewController.swift */; };
		FB7F968F23AF798F008BA11B /* ReaderViewController.swift in Sources */ = {isa = PBXBuildFile; fileRef = FB7F968E23AF798F008BA11B /* ReaderViewController.swift */; };
		FB9234E723B0C9E9008FF939 /* BookSample.epub in Resources */ = {isa = PBXBuildFile; fileRef = FB7F969023AF7B82008BA11B /* BookSample.epub */; };
		FBA269EB23B390BC004FD15D /* Book.swift in Sources */ = {isa = PBXBuildFile; fileRef = FBA269EA23B390BC004FD15D /* Book.swift */; };
		FBCC073123ADFFB300CE4FEF /* AppDelegate.swift in Sources */ = {isa = PBXBuildFile; fileRef = FBCC073023ADFFB300CE4FEF /* AppDelegate.swift */; };
		FBCC073323ADFFB300CE4FEF /* SceneDelegate.swift in Sources */ = {isa = PBXBuildFile; fileRef = FBCC073223ADFFB300CE4FEF /* SceneDelegate.swift */; };
		FBCC073523ADFFB300CE4FEF /* LandingViewController.swift in Sources */ = {isa = PBXBuildFile; fileRef = FBCC073423ADFFB300CE4FEF /* LandingViewController.swift */; };
		FBCC073823ADFFB300CE4FEF /* Main.storyboard in Resources */ = {isa = PBXBuildFile; fileRef = FBCC073623ADFFB300CE4FEF /* Main.storyboard */; };
		FBCC073A23ADFFB400CE4FEF /* Assets.xcassets in Resources */ = {isa = PBXBuildFile; fileRef = FBCC073923ADFFB400CE4FEF /* Assets.xcassets */; };
		FBCC073D23ADFFB400CE4FEF /* LaunchScreen.storyboard in Resources */ = {isa = PBXBuildFile; fileRef = FBCC073B23ADFFB400CE4FEF /* LaunchScreen.storyboard */; };
/* End PBXBuildFile section */

/* Begin PBXFileReference section */
		14107053844EFA32B78AE1BF /* Pods_KotBook.framework */ = {isa = PBXFileReference; explicitFileType = wrapper.framework; includeInIndex = 0; path = Pods_KotBook.framework; sourceTree = BUILT_PRODUCTS_DIR; };
		C605BCC423AE14E70076ACA4 /* Landing.storyboard */ = {isa = PBXFileReference; lastKnownFileType = file.storyboard; path = Landing.storyboard; sourceTree = "<group>"; };
		C605BCC623B402100076ACA4 /* MainViewController.swift */ = {isa = PBXFileReference; lastKnownFileType = sourcecode.swift; path = MainViewController.swift; sourceTree = "<group>"; };
		EB16894B01115F606E78AE69 /* Pods-KotBook.release.xcconfig */ = {isa = PBXFileReference; includeInIndex = 1; lastKnownFileType = text.xcconfig; name = "Pods-KotBook.release.xcconfig"; path = "Target Support Files/Pods-KotBook/Pods-KotBook.release.xcconfig"; sourceTree = "<group>"; };
		F38FA18B80E06939449E1226 /* Pods-KotBook.debug.xcconfig */ = {isa = PBXFileReference; includeInIndex = 1; lastKnownFileType = text.xcconfig; name = "Pods-KotBook.debug.xcconfig"; path = "Target Support Files/Pods-KotBook/Pods-KotBook.debug.xcconfig"; sourceTree = "<group>"; };
		FB7F968E23AF798F008BA11B /* ReaderViewController.swift */ = {isa = PBXFileReference; lastKnownFileType = sourcecode.swift; path = ReaderViewController.swift; sourceTree = "<group>"; };
		FB7F969023AF7B82008BA11B /* BookSample.epub */ = {isa = PBXFileReference; lastKnownFileType = file; path = BookSample.epub; sourceTree = "<group>"; };
		FBA269EA23B390BC004FD15D /* Book.swift */ = {isa = PBXFileReference; lastKnownFileType = sourcecode.swift; path = Book.swift; sourceTree = "<group>"; };
		FBCC072D23ADFFB300CE4FEF /* KotBook.app */ = {isa = PBXFileReference; explicitFileType = wrapper.application; includeInIndex = 0; path = KotBook.app; sourceTree = BUILT_PRODUCTS_DIR; };
		FBCC073023ADFFB300CE4FEF /* AppDelegate.swift */ = {isa = PBXFileReference; lastKnownFileType = sourcecode.swift; path = AppDelegate.swift; sourceTree = "<group>"; };
		FBCC073223ADFFB300CE4FEF /* SceneDelegate.swift */ = {isa = PBXFileReference; lastKnownFileType = sourcecode.swift; path = SceneDelegate.swift; sourceTree = "<group>"; };
		FBCC073423ADFFB300CE4FEF /* LandingViewController.swift */ = {isa = PBXFileReference; lastKnownFileType = sourcecode.swift; path = LandingViewController.swift; sourceTree = "<group>"; };
		FBCC073723ADFFB300CE4FEF /* Base */ = {isa = PBXFileReference; lastKnownFileType = file.storyboard; name = Base; path = Base.lproj/Main.storyboard; sourceTree = "<group>"; };
		FBCC073923ADFFB400CE4FEF /* Assets.xcassets */ = {isa = PBXFileReference; lastKnownFileType = folder.assetcatalog; path = Assets.xcassets; sourceTree = "<group>"; };
		FBCC073C23ADFFB400CE4FEF /* Base */ = {isa = PBXFileReference; lastKnownFileType = file.storyboard; name = Base; path = Base.lproj/LaunchScreen.storyboard; sourceTree = "<group>"; };
		FBCC073E23ADFFB400CE4FEF /* Info.plist */ = {isa = PBXFileReference; lastKnownFileType = text.plist.xml; path = Info.plist; sourceTree = "<group>"; };
/* End PBXFileReference section */

/* Begin PBXFrameworksBuildPhase section */
		FBCC072A23ADFFB300CE4FEF /* Frameworks */ = {
			isa = PBXFrameworksBuildPhase;
			buildActionMask = 2147483647;
			files = (
				109B579FE4C0DB609DA8E779 /* Pods_KotBook.framework in Frameworks */,
			);
			runOnlyForDeploymentPostprocessing = 0;
		};
/* End PBXFrameworksBuildPhase section */

/* Begin PBXGroup section */
		76199D1E6E1FEA930AE69473 /* Pods */ = {
			isa = PBXGroup;
			children = (
				F38FA18B80E06939449E1226 /* Pods-KotBook.debug.xcconfig */,
				EB16894B01115F606E78AE69 /* Pods-KotBook.release.xcconfig */,
			);
			path = Pods;
			sourceTree = "<group>";
		};
		BF5CC8E73BB394B6CA30A92C /* Frameworks */ = {
			isa = PBXGroup;
			children = (
				14107053844EFA32B78AE1BF /* Pods_KotBook.framework */,
			);
			name = Frameworks;
			sourceTree = "<group>";
		};
		FBCC072423ADFFB300CE4FEF = {
			isa = PBXGroup;
			children = (
				FBCC072F23ADFFB300CE4FEF /* KotBook */,
				FBCC072E23ADFFB300CE4FEF /* Products */,
				76199D1E6E1FEA930AE69473 /* Pods */,
				BF5CC8E73BB394B6CA30A92C /* Frameworks */,
			);
			sourceTree = "<group>";
		};
		FBCC072E23ADFFB300CE4FEF /* Products */ = {
			isa = PBXGroup;
			children = (
				FBCC072D23ADFFB300CE4FEF /* KotBook.app */,
			);
			name = Products;
			sourceTree = "<group>";
		};
		FBCC072F23ADFFB300CE4FEF /* KotBook */ = {
			isa = PBXGroup;
			children = (
				FBCC073023ADFFB300CE4FEF /* AppDelegate.swift */,
				FBCC073223ADFFB300CE4FEF /* SceneDelegate.swift */,
				FBA269EA23B390BC004FD15D /* Book.swift */,
				FB7F968E23AF798F008BA11B /* ReaderViewController.swift */,
				FBCC073623ADFFB300CE4FEF /* Main.storyboard */,
				C605BCC623B402100076ACA4 /* MainViewController.swift */,
				C605BCC423AE14E70076ACA4 /* Landing.storyboard */,
				FBCC073423ADFFB300CE4FEF /* LandingViewController.swift */,
				FBCC073923ADFFB400CE4FEF /* Assets.xcassets */,
				FBCC073B23ADFFB400CE4FEF /* LaunchScreen.storyboard */,
				FBCC073E23ADFFB400CE4FEF /* Info.plist */,
				FB7F969023AF7B82008BA11B /* BookSample.epub */,
			);
			path = KotBook;
			sourceTree = "<group>";
		};
/* End PBXGroup section */

/* Begin PBXNativeTarget section */
		FBCC072C23ADFFB300CE4FEF /* KotBook */ = {
			isa = PBXNativeTarget;
			buildConfigurationList = FBCC074123ADFFB400CE4FEF /* Build configuration list for PBXNativeTarget "KotBook" */;
			buildPhases = (
				0A22688859DC102CA9F01398 /* [CP] Check Pods Manifest.lock */,
				FBCC072923ADFFB300CE4FEF /* Sources */,
				FBCC072A23ADFFB300CE4FEF /* Frameworks */,
				FBCC072B23ADFFB300CE4FEF /* Resources */,
				50304A62D89D235E4652DBE4 /* [CP] Embed Pods Frameworks */,
			);
			buildRules = (
			);
			dependencies = (
			);
			name = KotBook;
			productName = KotBook;
			productReference = FBCC072D23ADFFB300CE4FEF /* KotBook.app */;
			productType = "com.apple.product-type.application";
		};
/* End PBXNativeTarget section */

/* Begin PBXProject section */
		FBCC072523ADFFB300CE4FEF /* Project object */ = {
			isa = PBXProject;
			attributes = {
				LastSwiftUpdateCheck = 1120;
				LastUpgradeCheck = 1120;
				ORGANIZATIONNAME = kotiki;
				TargetAttributes = {
					FBCC072C23ADFFB300CE4FEF = {
						CreatedOnToolsVersion = 11.2.1;
					};
				};
			};
			buildConfigurationList = FBCC072823ADFFB300CE4FEF /* Build configuration list for PBXProject "KotBook" */;
			compatibilityVersion = "Xcode 9.3";
			developmentRegion = en;
			hasScannedForEncodings = 0;
			knownRegions = (
				en,
				Base,
			);
			mainGroup = FBCC072423ADFFB300CE4FEF;
			productRefGroup = FBCC072E23ADFFB300CE4FEF /* Products */;
			projectDirPath = "";
			projectRoot = "";
			targets = (
				FBCC072C23ADFFB300CE4FEF /* KotBook */,
			);
		};
/* End PBXProject section */

/* Begin PBXResourcesBuildPhase section */
		FBCC072B23ADFFB300CE4FEF /* Resources */ = {
			isa = PBXResourcesBuildPhase;
			buildActionMask = 2147483647;
			files = (
				FB9234E723B0C9E9008FF939 /* BookSample.epub in Resources */,
				FBCC073D23ADFFB400CE4FEF /* LaunchScreen.storyboard in Resources */,
				FBCC073A23ADFFB400CE4FEF /* Assets.xcassets in Resources */,
				C605BCC523AE14E70076ACA4 /* Landing.storyboard in Resources */,
				FBCC073823ADFFB300CE4FEF /* Main.storyboard in Resources */,
			);
			runOnlyForDeploymentPostprocessing = 0;
		};
/* End PBXResourcesBuildPhase section */

/* Begin PBXShellScriptBuildPhase section */
		0A22688859DC102CA9F01398 /* [CP] Check Pods Manifest.lock */ = {
			isa = PBXShellScriptBuildPhase;
			buildActionMask = 2147483647;
			files = (
			);
			inputFileListPaths = (
			);
			inputPaths = (
				"${PODS_PODFILE_DIR_PATH}/Podfile.lock",
				"${PODS_ROOT}/Manifest.lock",
			);
			name = "[CP] Check Pods Manifest.lock";
			outputFileListPaths = (
			);
			outputPaths = (
				"$(DERIVED_FILE_DIR)/Pods-KotBook-checkManifestLockResult.txt",
			);
			runOnlyForDeploymentPostprocessing = 0;
			shellPath = /bin/sh;
			shellScript = "diff \"${PODS_PODFILE_DIR_PATH}/Podfile.lock\" \"${PODS_ROOT}/Manifest.lock\" > /dev/null\nif [ $? != 0 ] ; then\n    # print error to STDERR\n    echo \"error: The sandbox is not in sync with the Podfile.lock. Run 'pod install' or update your CocoaPods installation.\" >&2\n    exit 1\nfi\n# This output is used by Xcode 'outputs' to avoid re-running this script phase.\necho \"SUCCESS\" > \"${SCRIPT_OUTPUT_FILE_0}\"\n";
			showEnvVarsInLog = 0;
		};
		50304A62D89D235E4652DBE4 /* [CP] Embed Pods Frameworks */ = {
			isa = PBXShellScriptBuildPhase;
			buildActionMask = 2147483647;
			files = (
			);
			inputFileListPaths = (
				"${PODS_ROOT}/Target Support Files/Pods-KotBook/Pods-KotBook-frameworks-${CONFIGURATION}-input-files.xcfilelist",
			);
			name = "[CP] Embed Pods Frameworks";
			outputFileListPaths = (
				"${PODS_ROOT}/Target Support Files/Pods-KotBook/Pods-KotBook-frameworks-${CONFIGURATION}-output-files.xcfilelist",
			);
			runOnlyForDeploymentPostprocessing = 0;
			shellPath = /bin/sh;
			shellScript = "\"${PODS_ROOT}/Target Support Files/Pods-KotBook/Pods-KotBook-frameworks.sh\"\n";
			showEnvVarsInLog = 0;
		};
/* End PBXShellScriptBuildPhase section */

/* Begin PBXSourcesBuildPhase section */
		FBCC072923ADFFB300CE4FEF /* Sources */ = {
			isa = PBXSourcesBuildPhase;
			buildActionMask = 2147483647;
			files = (
				FBCC073523ADFFB300CE4FEF /* LandingViewController.swift in Sources */,
				FBCC073123ADFFB300CE4FEF /* AppDelegate.swift in Sources */,
				FBCC073323ADFFB300CE4FEF /* SceneDelegate.swift in Sources */,
				C605BCC723B402100076ACA4 /* MainViewController.swift in Sources */,
				FBA269EB23B390BC004FD15D /* Book.swift in Sources */,
				FB7F968F23AF798F008BA11B /* ReaderViewController.swift in Sources */,
			);
			runOnlyForDeploymentPostprocessing = 0;
		};
/* End PBXSourcesBuildPhase section */

/* Begin PBXVariantGroup section */
		FBCC073623ADFFB300CE4FEF /* Main.storyboard */ = {
			isa = PBXVariantGroup;
			children = (
				FBCC073723ADFFB300CE4FEF /* Base */,
			);
			name = Main.storyboard;
			sourceTree = "<group>";
		};
		FBCC073B23ADFFB400CE4FEF /* LaunchScreen.storyboard */ = {
			isa = PBXVariantGroup;
			children = (
				FBCC073C23ADFFB400CE4FEF /* Base */,
			);
			name = LaunchScreen.storyboard;
			sourceTree = "<group>";
		};
/* End PBXVariantGroup section */

/* Begin XCBuildConfiguration section */
		FBCC073F23ADFFB400CE4FEF /* Debug */ = {
			isa = XCBuildConfiguration;
			buildSettings = {
				ALWAYS_SEARCH_USER_PATHS = NO;
				CLANG_ANALYZER_NONNULL = YES;
				CLANG_ANALYZER_NUMBER_OBJECT_CONVERSION = YES_AGGRESSIVE;
				CLANG_CXX_LANGUAGE_STANDARD = "gnu++14";
				CLANG_CXX_LIBRARY = "libc++";
				CLANG_ENABLE_MODULES = YES;
				CLANG_ENABLE_OBJC_ARC = YES;
				CLANG_ENABLE_OBJC_WEAK = YES;
				CLANG_WARN_BLOCK_CAPTURE_AUTORELEASING = YES;
				CLANG_WARN_BOOL_CONVERSION = YES;
				CLANG_WARN_COMMA = YES;
				CLANG_WARN_CONSTANT_CONVERSION = YES;
				CLANG_WARN_DEPRECATED_OBJC_IMPLEMENTATIONS = YES;
				CLANG_WARN_DIRECT_OBJC_ISA_USAGE = YES_ERROR;
				CLANG_WARN_DOCUMENTATION_COMMENTS = YES;
				CLANG_WARN_EMPTY_BODY = YES;
				CLANG_WARN_ENUM_CONVERSION = YES;
				CLANG_WARN_INFINITE_RECURSION = YES;
				CLANG_WARN_INT_CONVERSION = YES;
				CLANG_WARN_NON_LITERAL_NULL_CONVERSION = YES;
				CLANG_WARN_OBJC_IMPLICIT_RETAIN_SELF = YES;
				CLANG_WARN_OBJC_LITERAL_CONVERSION = YES;
				CLANG_WARN_OBJC_ROOT_CLASS = YES_ERROR;
				CLANG_WARN_RANGE_LOOP_ANALYSIS = YES;
				CLANG_WARN_STRICT_PROTOTYPES = YES;
				CLANG_WARN_SUSPICIOUS_MOVE = YES;
				CLANG_WARN_UNGUARDED_AVAILABILITY = YES_AGGRESSIVE;
				CLANG_WARN_UNREACHABLE_CODE = YES;
				CLANG_WARN__DUPLICATE_METHOD_MATCH = YES;
				COPY_PHASE_STRIP = NO;
				DEBUG_INFORMATION_FORMAT = dwarf;
				ENABLE_STRICT_OBJC_MSGSEND = YES;
				ENABLE_TESTABILITY = YES;
				GCC_C_LANGUAGE_STANDARD = gnu11;
				GCC_DYNAMIC_NO_PIC = NO;
				GCC_NO_COMMON_BLOCKS = YES;
				GCC_OPTIMIZATION_LEVEL = 0;
				GCC_PREPROCESSOR_DEFINITIONS = (
					"DEBUG=1",
					"$(inherited)",
				);
				GCC_WARN_64_TO_32_BIT_CONVERSION = YES;
				GCC_WARN_ABOUT_RETURN_TYPE = YES_ERROR;
				GCC_WARN_UNDECLARED_SELECTOR = YES;
				GCC_WARN_UNINITIALIZED_AUTOS = YES_AGGRESSIVE;
				GCC_WARN_UNUSED_FUNCTION = YES;
				GCC_WARN_UNUSED_VARIABLE = YES;
				IPHONEOS_DEPLOYMENT_TARGET = 13.2;
				MTL_ENABLE_DEBUG_INFO = INCLUDE_SOURCE;
				MTL_FAST_MATH = YES;
				ONLY_ACTIVE_ARCH = YES;
				SDKROOT = iphoneos;
				SWIFT_ACTIVE_COMPILATION_CONDITIONS = DEBUG;
				SWIFT_OPTIMIZATION_LEVEL = "-Onone";
			};
			name = Debug;
		};
		FBCC074023ADFFB400CE4FEF /* Release */ = {
			isa = XCBuildConfiguration;
			buildSettings = {
				ALWAYS_SEARCH_USER_PATHS = NO;
				CLANG_ANALYZER_NONNULL = YES;
				CLANG_ANALYZER_NUMBER_OBJECT_CONVERSION = YES_AGGRESSIVE;
				CLANG_CXX_LANGUAGE_STANDARD = "gnu++14";
				CLANG_CXX_LIBRARY = "libc++";
				CLANG_ENABLE_MODULES = YES;
				CLANG_ENABLE_OBJC_ARC = YES;
				CLANG_ENABLE_OBJC_WEAK = YES;
				CLANG_WARN_BLOCK_CAPTURE_AUTORELEASING = YES;
				CLANG_WARN_BOOL_CONVERSION = YES;
				CLANG_WARN_COMMA = YES;
				CLANG_WARN_CONSTANT_CONVERSION = YES;
				CLANG_WARN_DEPRECATED_OBJC_IMPLEMENTATIONS = YES;
				CLANG_WARN_DIRECT_OBJC_ISA_USAGE = YES_ERROR;
				CLANG_WARN_DOCUMENTATION_COMMENTS = YES;
				CLANG_WARN_EMPTY_BODY = YES;
				CLANG_WARN_ENUM_CONVERSION = YES;
				CLANG_WARN_INFINITE_RECURSION = YES;
				CLANG_WARN_INT_CONVERSION = YES;
				CLANG_WARN_NON_LITERAL_NULL_CONVERSION = YES;
				CLANG_WARN_OBJC_IMPLICIT_RETAIN_SELF = YES;
				CLANG_WARN_OBJC_LITERAL_CONVERSION = YES;
				CLANG_WARN_OBJC_ROOT_CLASS = YES_ERROR;
				CLANG_WARN_RANGE_LOOP_ANALYSIS = YES;
				CLANG_WARN_STRICT_PROTOTYPES = YES;
				CLANG_WARN_SUSPICIOUS_MOVE = YES;
				CLANG_WARN_UNGUARDED_AVAILABILITY = YES_AGGRESSIVE;
				CLANG_WARN_UNREACHABLE_CODE = YES;
				CLANG_WARN__DUPLICATE_METHOD_MATCH = YES;
				COPY_PHASE_STRIP = NO;
				DEBUG_INFORMATION_FORMAT = "dwarf-with-dsym";
				ENABLE_NS_ASSERTIONS = NO;
				ENABLE_STRICT_OBJC_MSGSEND = YES;
				GCC_C_LANGUAGE_STANDARD = gnu11;
				GCC_NO_COMMON_BLOCKS = YES;
				GCC_WARN_64_TO_32_BIT_CONVERSION = YES;
				GCC_WARN_ABOUT_RETURN_TYPE = YES_ERROR;
				GCC_WARN_UNDECLARED_SELECTOR = YES;
				GCC_WARN_UNINITIALIZED_AUTOS = YES_AGGRESSIVE;
				GCC_WARN_UNUSED_FUNCTION = YES;
				GCC_WARN_UNUSED_VARIABLE = YES;
				IPHONEOS_DEPLOYMENT_TARGET = 13.2;
				MTL_ENABLE_DEBUG_INFO = NO;
				MTL_FAST_MATH = YES;
				SDKROOT = iphoneos;
				SWIFT_COMPILATION_MODE = wholemodule;
				SWIFT_OPTIMIZATION_LEVEL = "-O";
				VALIDATE_PRODUCT = YES;
			};
			name = Release;
		};
		FBCC074223ADFFB400CE4FEF /* Debug */ = {
			isa = XCBuildConfiguration;
			baseConfigurationReference = F38FA18B80E06939449E1226 /* Pods-KotBook.debug.xcconfig */;
			buildSettings = {
				ASSETCATALOG_COMPILER_APPICON_NAME = AppIcon;
				CODE_SIGN_STYLE = Automatic;
				DEVELOPMENT_TEAM = 9D23PN4MJW;
				INFOPLIST_FILE = KotBook/Info.plist;
				LD_RUNPATH_SEARCH_PATHS = (
					"$(inherited)",
					"@executable_path/Frameworks",
				);
				PRODUCT_BUNDLE_IDENTIFIER = com.kotiki.KotBook;
				PRODUCT_NAME = "$(TARGET_NAME)";
				SWIFT_VERSION = 5.0;
				TARGETED_DEVICE_FAMILY = "1,2";
			};
			name = Debug;
		};
		FBCC074323ADFFB400CE4FEF /* Release */ = {
			isa = XCBuildConfiguration;
			baseConfigurationReference = EB16894B01115F606E78AE69 /* Pods-KotBook.release.xcconfig */;
			buildSettings = {
				ASSETCATALOG_COMPILER_APPICON_NAME = AppIcon;
				CODE_SIGN_STYLE = Automatic;
				DEVELOPMENT_TEAM = 9D23PN4MJW;
				INFOPLIST_FILE = KotBook/Info.plist;
				LD_RUNPATH_SEARCH_PATHS = (
					"$(inherited)",
					"@executable_path/Frameworks",
				);
				PRODUCT_BUNDLE_IDENTIFIER = com.kotiki.KotBook;
				PRODUCT_NAME = "$(TARGET_NAME)";
				SWIFT_VERSION = 5.0;
				TARGETED_DEVICE_FAMILY = "1,2";
			};
			name = Release;
		};
/* End XCBuildConfiguration section */

/* Begin XCConfigurationList section */
		FBCC072823ADFFB300CE4FEF /* Build configuration list for PBXProject "KotBook" */ = {
			isa = XCConfigurationList;
			buildConfigurations = (
				FBCC073F23ADFFB400CE4FEF /* Debug */,
				FBCC074023ADFFB400CE4FEF /* Release */,
			);
			defaultConfigurationIsVisible = 0;
			defaultConfigurationName = Release;
		};
		FBCC074123ADFFB400CE4FEF /* Build configuration list for PBXNativeTarget "KotBook" */ = {
			isa = XCConfigurationList;
			buildConfigurations = (
				FBCC074223ADFFB400CE4FEF /* Debug */,
				FBCC074323ADFFB400CE4FEF /* Release */,
			);
			defaultConfigurationIsVisible = 0;
			defaultConfigurationName = Release;
		};
/* End XCConfigurationList section */
	};
	rootObject = FBCC072523ADFFB300CE4FEF /* Project object */;
}
