PODS:
  - AEXML (4.2.2)
  - FolioReaderKit (1.3.3):
    - AEXML (= 4.2.2)
    - FontBlaster (= 4.0.1)
    - JSQWebViewController (= 6.0.0)
    - MenuItemKit (= 3.0.0)
    - RealmSwift (= 3.21.0)
    - SSZipArchive (= 2.1.1)
    - ZFDragableModalTransition (= 0.6)
  - FontBlaster (4.0.1)
  - JSQWebViewController (6.0.0)
  - MenuItemKit (3.0.0)
  - Realm (3.21.0):
    - Realm/Headers (= 3.21.0)
  - Realm/Headers (3.21.0)
  - RealmSwift (3.21.0):
    - Realm (= 3.21.0)
  - SSZipArchive (2.1.1)
  - ZFDragableModalTransition (0.6)

DEPENDENCIES:
  - FolioReaderKit (from `https://github.com/evilutioner/FolioReaderKit.git`)
  - RealmSwift

SPEC REPOS:
  trunk:
    - AEXML
    - FontBlaster
    - JSQWebViewController
    - MenuItemKit
    - Realm
    - RealmSwift
    - SSZipArchive
    - ZFDragableModalTransition

EXTERNAL SOURCES:
  FolioReaderKit:
    :git: https://github.com/evilutioner/FolioReaderKit.git

CHECKOUT OPTIONS:
  FolioReaderKit:
    :commit: dd224d3db6f27caa4b985abf0bfb6f5ca18275cb
    :git: https://github.com/evilutioner/FolioReaderKit.git

SPEC CHECKSUMS:
  AEXML: 5ebafc1b75e0bcf0f1b09b8ca8fed2d5a199479b
  FolioReaderKit: c4a6fc8401417f0f4c0ef0146cc492abeed54761
  FontBlaster: 84229df8e3a7a6dacb190565bc543747a0c323f9
  JSQWebViewController: 51041569b75d19dbb6b7fe0b7ae053c32409a9be
  MenuItemKit: d9b539b28fdbbd7980d6f3668b9cd6daefeabd9b
  Realm: 38e9dcb19104b58407167d99f70d4995f7c16023
  RealmSwift: 3183cc1ad48378fbcd634311b22c0e6c44021152
  SSZipArchive: 14401ade5f8e82aba1ff03e9f88e9de60937ae60
  ZFDragableModalTransition: 0d294eaaba6edfcb9839595de765f9ca06a4b524

PODFILE CHECKSUM: d70221dab2b56dcaba5a56122ff9e5086e34fd11

COCOAPODS: 1.8.4
